
Microsoft Visual Studio Solution File, Format Version 12.00
# Visual Studio Version 17
VisualStudioVersion = 17.10.34928.147
MinimumVisualStudioVersion = 10.0.40219.1
Project("{FAE04EC0-301F-11D3-BF4B-00C04F79EFBC}") = "Ifood", "Ifood\Ifood.csproj", "{57A1A916-AC36-407F-9BE5-45D0385883B9}"
EndProject
Global
	GlobalSection(SolutionConfigurationPlatforms) = preSolution
		Debug|Any CPU = Debug|Any CPU
		Release|Any CPU = Release|Any CPU
	EndGlobalSection
	GlobalSection(ProjectConfigurationPlatforms) = postSolution
		{57A1A916-AC36-407F-9BE5-45D0385883B9}.Debug|Any CPU.ActiveCfg = Debug|Any CPU
		{57A1A916-AC36-407F-9BE5-45D0385883B9}.Debug|Any CPU.Build.0 = Debug|Any CPU
		{57A1A916-AC36-407F-9BE5-45D0385883B9}.Release|Any CPU.ActiveCfg = Release|Any CPU
		{57A1A916-AC36-407F-9BE5-45D0385883B9}.Release|Any CPU.Build.0 = Release|Any CPU
	EndGlobalSection
	GlobalSection(SolutionProperties) = preSolution
		HideSolutionNode = FALSE
	EndGlobalSection
	GlobalSection(ExtensibilityGlobals) = postSolution
		SolutionGuid = {B19153D9-9DDE-44BD-8BB0-3849D3F3E154}
	EndGlobalSection
EndGlobal
